
Microsoft Visual Studio Solution File, Format Version 12.00
# Visual Studio Version 16
VisualStudioVersion = 16.0.31911.196
MinimumVisualStudioVersion = 10.0.40219.1
Project("{FAE04EC0-301F-11D3-BF4B-00C04F79EFBC}") = "jelastic01", "jelastic01\jelastic01.csproj", "{ECC2D2C1-D4E1-4332-91AC-D4D3CCE9199D}"
EndProject
Global
	GlobalSection(SolutionConfigurationPlatforms) = preSolution
		Debug|Any CPU = Debug|Any CPU
		Release|Any CPU = Release|Any CPU
	EndGlobalSection
	GlobalSection(ProjectConfigurationPlatforms) = postSolution
		{ECC2D2C1-D4E1-4332-91AC-D4D3CCE9199D}.Debug|Any CPU.ActiveCfg = Debug|Any CPU
		{ECC2D2C1-D4E1-4332-91AC-D4D3CCE9199D}.Debug|Any CPU.Build.0 = Debug|Any CPU
		{ECC2D2C1-D4E1-4332-91AC-D4D3CCE9199D}.Release|Any CPU.ActiveCfg = Release|Any CPU
		{ECC2D2C1-D4E1-4332-91AC-D4D3CCE9199D}.Release|Any CPU.Build.0 = Release|Any CPU
	EndGlobalSection
	GlobalSection(SolutionProperties) = preSolution
		HideSolutionNode = FALSE
	EndGlobalSection
	GlobalSection(ExtensibilityGlobals) = postSolution
		SolutionGuid = {C8566B45-8B17-411F-9E82-3A2AC7CD246A}
	EndGlobalSection
EndGlobal
